
Microsoft Visual Studio Solution File, Format Version 12.00
# Visual Studio Version 17
VisualStudioVersion = 17.8.34309.116
MinimumVisualStudioVersion = 10.0.40219.1
Project("{9A19103F-16F7-4668-BE54-9A1E7A4F7556}") = "AEMOSAPI", "AEMOSAPI\AEMOSAPI.csproj", "{2131AE00-3A7F-44B9-A8DC-124160E347B4}"
EndProject
Global
	GlobalSection(SolutionConfigurationPlatforms) = preSolution
		Debug|Any CPU = Debug|Any CPU
		Release|Any CPU = Release|Any CPU
	EndGlobalSection
	GlobalSection(ProjectConfigurationPlatforms) = postSolution
		{2131AE00-3A7F-44B9-A8DC-124160E347B4}.Debug|Any CPU.ActiveCfg = Debug|Any CPU
		{2131AE00-3A7F-44B9-A8DC-124160E347B4}.Debug|Any CPU.Build.0 = Debug|Any CPU
		{2131AE00-3A7F-44B9-A8DC-124160E347B4}.Release|Any CPU.ActiveCfg = Release|Any CPU
		{2131AE00-3A7F-44B9-A8DC-124160E347B4}.Release|Any CPU.Build.0 = Release|Any CPU
	EndGlobalSection
	GlobalSection(SolutionProperties) = preSolution
		HideSolutionNode = FALSE
	EndGlobalSection
	GlobalSection(ExtensibilityGlobals) = postSolution
		SolutionGuid = {153A0B96-09B0-45C2-9405-943DBC008F92}
	EndGlobalSection
EndGlobal
